// !$*UTF8*$!
{
	archiveVersion = 1;
	classes = {
	};
	objectVersion = 77;
	objects = {

/* Begin PBXBuildFile section */
		23E395CD2FA53A6D00574B85 /* SwiftSoup in Frameworks */ = {isa = PBXBuildFile; productRef = 23E395CC2FA53A6D00574B85 /* SwiftSoup */; };
		23E396072FA57AE300574B85 /* WidgetKit.framework in Frameworks */ = {isa = PBXBuildFile; fileRef = 23E396062FA57AE200574B85 /* WidgetKit.framework */; };
		23E396092FA57AE300574B85 /* SwiftUI.framework in Frameworks */ = {isa = PBXBuildFile; fileRef = 23E396082FA57AE300574B85 /* SwiftUI.framework */; };
		23E3961A2FA57AE500574B85 /* LaSalle WidgetsExtension.appex in Embed Foundation Extensions */ = {isa = PBXBuildFile; fileRef = 23E396042FA57AE200574B85 /* LaSalle WidgetsExtension.appex */; settings = {ATTRIBUTES = (RemoveHeadersOnCopy, ); }; };
/* End PBXBuildFile section */

/* Begin PBXContainerItemProxy section */
		23E395AF2FA5399A00574B85 /* PBXContainerItemProxy */ = {
			isa = PBXContainerItemProxy;
			containerPortal = 23E395992FA5399800574B85 /* Project object */;
			proxyType = 1;
			remoteGlobalIDString = 23E395A02FA5399800574B85;
			remoteInfo = "LaSalle Schedule";
		};
		23E395B92FA5399A00574B85 /* PBXContainerItemProxy */ = {
			isa = PBXContainerItemProxy;
			containerPortal = 23E395992FA5399800574B85 /* Project object */;
			proxyType = 1;
			remoteGlobalIDString = 23E395A02FA5399800574B85;
			remoteInfo = "LaSalle Schedule";
		};
		23E396182FA57AE500574B85 /* PBXContainerItemProxy */ = {
			isa = PBXContainerItemProxy;
			containerPortal = 23E395992FA5399800574B85 /* Project object */;
			proxyType = 1;
			remoteGlobalIDString = 23E396032FA57AE200574B85;
			remoteInfo = "LaSalle WidgetsExtension";
		};
/* End PBXContainerItemProxy section */

/* Begin PBXCopyFilesBuildPhase section */
		23E3961B2FA57AE500574B85 /* Embed Foundation Extensions */ = {
			isa = PBXCopyFilesBuildPhase;
			buildActionMask = 2147483647;
			dstPath = "";
			dstSubfolderSpec = 13;
			files = (
				23E3961A2FA57AE500574B85 /* LaSalle WidgetsExtension.appex in Embed Foundation Extensions */,
			);
			name = "Embed Foundation Extensions";
			runOnlyForDeploymentPostprocessing = 0;
		};
/* End PBXCopyFilesBuildPhase section */

/* Begin PBXFileReference section */
		23E395A12FA5399800574B85 /* LaSalle Schedule.app */ = {isa = PBXFileReference; explicitFileType = wrapper.application; includeInIndex = 0; path = "LaSalle Schedule.app"; sourceTree = BUILT_PRODUCTS_DIR; };
		23E395AE2FA5399A00574B85 /* LaSalle ScheduleTests.xctest */ = {isa = PBXFileReference; explicitFileType = wrapper.cfbundle; includeInIndex = 0; path = "LaSalle ScheduleTests.xctest"; sourceTree = BUILT_PRODUCTS_DIR; };
		23E395B82FA5399A00574B85 /* LaSalle ScheduleUITests.xctest */ = {isa = PBXFileReference; explicitFileType = wrapper.cfbundle; includeInIndex = 0; path = "LaSalle ScheduleUITests.xctest"; sourceTree = BUILT_PRODUCTS_DIR; };
		23E396042FA57AE200574B85 /* LaSalle WidgetsExtension.appex */ = {isa = PBXFileReference; explicitFileType = "wrapper.app-extension"; includeInIndex = 0; path = "LaSalle WidgetsExtension.appex"; sourceTree = BUILT_PRODUCTS_DIR; };
		23E396062FA57AE200574B85 /* WidgetKit.framework */ = {isa = PBXFileReference; lastKnownFileType = wrapper.framework; name = WidgetKit.framework; path = System/Library/Frameworks/WidgetKit.framework; sourceTree = SDKROOT; };
		23E396082FA57AE300574B85 /* SwiftUI.framework */ = {isa = PBXFileReference; lastKnownFileType = wrapper.framework; name = SwiftUI.framework; path = System/Library/Frameworks/SwiftUI.framework; sourceTree = SDKROOT; };
		23E396202FA57CB500574B85 /* LaSalle WidgetsExtension.entitlements */ = {isa = PBXFileReference; lastKnownFileType = text.plist.entitlements; path = "LaSalle WidgetsExtension.entitlements"; sourceTree = "<group>"; };
/* End PBXFileReference section */

/* Begin PBXFileSystemSynchronizedBuildFileExceptionSet section */
		23E3961E2FA57AE500574B85 /* Exceptions for "LaSalle Widgets" folder in "LaSalle WidgetsExtension" target */ = {
			isa = PBXFileSystemSynchronizedBuildFileExceptionSet;
			membershipExceptions = (
				Info.plist,
			);
			target = 23E396032FA57AE200574B85 /* LaSalle WidgetsExtension */;
		};
		23E396332FA57FD600574B85 /* Exceptions for "LaSalle Schedule" folder in "LaSalle WidgetsExtension" target */ = {
			isa = PBXFileSystemSynchronizedBuildFileExceptionSet;
			membershipExceptions = (
				Models/BellSchedule.swift,
				Models/PeriodConfig.swift,
				Models/SchoolEvent.swift,
				Models/UserSettings.swift,
				Utilities/BellScheduleDetector.swift,
				Utilities/ColorPalette.swift,
				Utilities/PathwaysService.swift,
				Utilities/ScheduleEngine.swift,
				Utilities/SharedStore.swift,
			);
			target = 23E396032FA57AE200574B85 /* LaSalle WidgetsExtension */;
		};
/* End PBXFileSystemSynchronizedBuildFileExceptionSet section */

/* Begin PBXFileSystemSynchronizedRootGroup section */
		23E395A32FA5399800574B85 /* LaSalle Schedule */ = {
			isa = PBXFileSystemSynchronizedRootGroup;
			exceptions = (
				23E396332FA57FD600574B85 /* Exceptions for "LaSalle Schedule" folder in "LaSalle WidgetsExtension" target */,
			);
			path = "LaSalle Schedule";
			sourceTree = "<group>";
		};
		23E395B12FA5399A00574B85 /* LaSalle ScheduleTests */ = {
			isa = PBXFileSystemSynchronizedRootGroup;
			path = "LaSalle ScheduleTests";
			sourceTree = "<group>";
		};
		23E395BB2FA5399A00574B85 /* LaSalle ScheduleUITests */ = {
			isa = PBXFileSystemSynchronizedRootGroup;
			path = "LaSalle ScheduleUITests";
			sourceTree = "<group>";
		};
		23E3960A2FA57AE300574B85 /* LaSalle Widgets */ = {
			isa = PBXFileSystemSynchronizedRootGroup;
			exceptions = (
				23E3961E2FA57AE500574B85 /* Exceptions for "LaSalle Widgets" folder in "LaSalle WidgetsExtension" target */,
			);
			path = "LaSalle Widgets";
			sourceTree = "<group>";
		};
/* End PBXFileSystemSynchronizedRootGroup section */

/* Begin PBXFrameworksBuildPhase section */
		23E3959E2FA5399800574B85 /* Frameworks */ = {
			isa = PBXFrameworksBuildPhase;
			buildActionMask = 2147483647;
			files = (
				23E395CD2FA53A6D00574B85 /* SwiftSoup in Frameworks */,
			);
			runOnlyForDeploymentPostprocessing = 0;
		};
		23E395AB2FA5399A00574B85 /* Frameworks */ = {
			isa = PBXFrameworksBuildPhase;
			buildActionMask = 2147483647;
			files = (
			);
			runOnlyForDeploymentPostprocessing = 0;
		};
		23E395B52FA5399A00574B85 /* Frameworks */ = {
			isa = PBXFrameworksBuildPhase;
			buildActionMask = 2147483647;
			files = (
			);
			runOnlyForDeploymentPostprocessing = 0;
		};
		23E396012FA57AE200574B85 /* Frameworks */ = {
			isa = PBXFrameworksBuildPhase;
			buildActionMask = 2147483647;
			files = (
				23E396092FA57AE300574B85 /* SwiftUI.framework in Frameworks */,
				23E396072FA57AE300574B85 /* WidgetKit.framework in Frameworks */,
			);
			runOnlyForDeploymentPostprocessing = 0;
		};
/* End PBXFrameworksBuildPhase section */

/* Begin PBXGroup section */
		23E395982FA5399800574B85 = {
			isa = PBXGroup;
			children = (
				23E396202FA57CB500574B85 /* LaSalle WidgetsExtension.entitlements */,
				23E395A32FA5399800574B85 /* LaSalle Schedule */,
				23E395B12FA5399A00574B85 /* LaSalle ScheduleTests */,
				23E395BB2FA5399A00574B85 /* LaSalle ScheduleUITests */,
				23E3960A2FA57AE300574B85 /* LaSalle Widgets */,
				23E396052FA57AE200574B85 /* Frameworks */,
				23E395A22FA5399800574B85 /* Products */,
			);
			sourceTree = "<group>";
		};
		23E395A22FA5399800574B85 /* Products */ = {
			isa = PBXGroup;
			children = (
				23E395A12FA5399800574B85 /* LaSalle Schedule.app */,
				23E395AE2FA5399A00574B85 /* LaSalle ScheduleTests.xctest */,
				23E395B82FA5399A00574B85 /* LaSalle ScheduleUITests.xctest */,
				23E396042FA57AE200574B85 /* LaSalle WidgetsExtension.appex */,
			);
			name = Products;
			sourceTree = "<group>";
		};
		23E396052FA57AE200574B85 /* Frameworks */ = {
			isa = PBXGroup;
			children = (
				23E396062FA57AE200574B85 /* WidgetKit.framework */,
				23E396082FA57AE300574B85 /* SwiftUI.framework */,
			);
			name = Frameworks;
			sourceTree = "<group>";
		};
/* End PBXGroup section */

/* Begin PBXNativeTarget section */
		23E395A02FA5399800574B85 /* LaSalle Schedule */ = {
			isa = PBXNativeTarget;
			buildConfigurationList = 23E395C22FA5399A00574B85 /* Build configuration list for PBXNativeTarget "LaSalle Schedule" */;
			buildPhases = (
				23E3959D2FA5399800574B85 /* Sources */,
				23E3959E2FA5399800574B85 /* Frameworks */,
				23E3959F2FA5399800574B85 /* Resources */,
				23E3961B2FA57AE500574B85 /* Embed Foundation Extensions */,
			);
			buildRules = (
			);
			dependencies = (
				23E396192FA57AE500574B85 /* PBXTargetDependency */,
			);
			fileSystemSynchronizedGroups = (
				23E395A32FA5399800574B85 /* LaSalle Schedule */,
			);
			name = "LaSalle Schedule";
			packageProductDependencies = (
				23E395CC2FA53A6D00574B85 /* SwiftSoup */,
			);
			productName = "LaSalle Schedule";
			productReference = 23E395A12FA5399800574B85 /* LaSalle Schedule.app */;
			productType = "com.apple.product-type.application";
		};
		23E395AD2FA5399A00574B85 /* LaSalle ScheduleTests */ = {
			isa = PBXNativeTarget;
			buildConfigurationList = 23E395C52FA5399A00574B85 /* Build configuration list for PBXNativeTarget "LaSalle ScheduleTests" */;
			buildPhases = (
				23E395AA2FA5399A00574B85 /* Sources */,
				23E395AB2FA5399A00574B85 /* Frameworks */,
				23E395AC2FA5399A00574B85 /* Resources */,
			);
			buildRules = (
			);
			dependencies = (
				23E395B02FA5399A00574B85 /* PBXTargetDependency */,
			);
			fileSystemSynchronizedGroups = (
				23E395B12FA5399A00574B85 /* LaSalle ScheduleTests */,
			);
			name = "LaSalle ScheduleTests";
			packageProductDependencies = (
			);
			productName = "LaSalle ScheduleTests";
			productReference = 23E395AE2FA5399A00574B85 /* LaSalle ScheduleTests.xctest */;
			productType = "com.apple.product-type.bundle.unit-test";
		};
		23E395B72FA5399A00574B85 /* LaSalle ScheduleUITests */ = {
			isa = PBXNativeTarget;
			buildConfigurationList = 23E395C82FA5399A00574B85 /* Build configuration list for PBXNativeTarget "LaSalle ScheduleUITests" */;
			buildPhases = (
				23E395B42FA5399A00574B85 /* Sources */,
				23E395B52FA5399A00574B85 /* Frameworks */,
				23E395B62FA5399A00574B85 /* Resources */,
			);
			buildRules = (
			);
			dependencies = (
				23E395BA2FA5399A00574B85 /* PBXTargetDependency */,
			);
			fileSystemSynchronizedGroups = (
				23E395BB2FA5399A00574B85 /* LaSalle ScheduleUITests */,
			);
			name = "LaSalle ScheduleUITests";
			packageProductDependencies = (
			);
			productName = "LaSalle ScheduleUITests";
			productReference = 23E395B82FA5399A00574B85 /* LaSalle ScheduleUITests.xctest */;
			productType = "com.apple.product-type.bundle.ui-testing";
		};
		23E396032FA57AE200574B85 /* LaSalle WidgetsExtension */ = {
			isa = PBXNativeTarget;
			buildConfigurationList = 23E3961F2FA57AE500574B85 /* Build configuration list for PBXNativeTarget "LaSalle WidgetsExtension" */;
			buildPhases = (
				23E396002FA57AE200574B85 /* Sources */,
				23E396012FA57AE200574B85 /* Frameworks */,
				23E396022FA57AE200574B85 /* Resources */,
			);
			buildRules = (
			);
			dependencies = (
			);
			fileSystemSynchronizedGroups = (
				23E3960A2FA57AE300574B85 /* LaSalle Widgets */,
			);
			name = "LaSalle WidgetsExtension";
			packageProductDependencies = (
			);
			productName = "LaSalle WidgetsExtension";
			productReference = 23E396042FA57AE200574B85 /* LaSalle WidgetsExtension.appex */;
			productType = "com.apple.product-type.app-extension";
		};
/* End PBXNativeTarget section */

/* Begin PBXProject section */
		23E395992FA5399800574B85 /* Project object */ = {
			isa = PBXProject;
			attributes = {
				BuildIndependentTargetsInParallel = 1;
				LastSwiftUpdateCheck = 2640;
				LastUpgradeCheck = 2640;
				TargetAttributes = {
					23E395A02FA5399800574B85 = {
						CreatedOnToolsVersion = 26.4.1;
					};
					23E395AD2FA5399A00574B85 = {
						CreatedOnToolsVersion = 26.4.1;
						TestTargetID = 23E395A02FA5399800574B85;
					};
					23E395B72FA5399A00574B85 = {
						CreatedOnToolsVersion = 26.4.1;
						TestTargetID = 23E395A02FA5399800574B85;
					};
					23E396032FA57AE200574B85 = {
						CreatedOnToolsVersion = 26.4.1;
					};
				};
			};
			buildConfigurationList = 23E3959C2FA5399800574B85 /* Build configuration list for PBXProject "LaSalle Schedule" */;
			developmentRegion = en;
			hasScannedForEncodings = 0;
			knownRegions = (
				en,
				Base,
			);
			mainGroup = 23E395982FA5399800574B85;
			minimizedProjectReferenceProxies = 1;
			packageReferences = (
				23E395CB2FA53A6D00574B85 /* XCRemoteSwiftPackageReference "SwiftSoup" */,
			);
			preferredProjectObjectVersion = 77;
			productRefGroup = 23E395A22FA5399800574B85 /* Products */;
			projectDirPath = "";
			projectRoot = "";
			targets = (
				23E395A02FA5399800574B85 /* LaSalle Schedule */,
				23E395AD2FA5399A00574B85 /* LaSalle ScheduleTests */,
				23E395B72FA5399A00574B85 /* LaSalle ScheduleUITests */,
				23E396032FA57AE200574B85 /* LaSalle WidgetsExtension */,
			);
		};
/* End PBXProject section */

/* Begin PBXResourcesBuildPhase section */
		23E3959F2FA5399800574B85 /* Resources */ = {
			isa = PBXResourcesBuildPhase;
			buildActionMask = 2147483647;
			files = (
			);
			runOnlyForDeploymentPostprocessing = 0;
		};
		23E395AC2FA5399A00574B85 /* Resources */ = {
			isa = PBXResourcesBuildPhase;
			buildActionMask = 2147483647;
			files = (
			);
			runOnlyForDeploymentPostprocessing = 0;
		};
		23E395B62FA5399A00574B85 /* Resources */ = {
			isa = PBXResourcesBuildPhase;
			buildActionMask = 2147483647;
			files = (
			);
			runOnlyForDeploymentPostprocessing = 0;
		};
		23E396022FA57AE200574B85 /* Resources */ = {
			isa = PBXResourcesBuildPhase;
			buildActionMask = 2147483647;
			files = (
			);
			runOnlyForDeploymentPostprocessing = 0;
		};
/* End PBXResourcesBuildPhase section */

/* Begin PBXSourcesBuildPhase section */
		23E3959D2FA5399800574B85 /* Sources */ = {
			isa = PBXSourcesBuildPhase;
			buildActionMask = 2147483647;
			files = (
			);
			runOnlyForDeploymentPostprocessing = 0;
		};
		23E395AA2FA5399A00574B85 /* Sources */ = {
			isa = PBXSourcesBuildPhase;
			buildActionMask = 2147483647;
			files = (
			);
			runOnlyForDeploymentPostprocessing = 0;
		};
		23E395B42FA5399A00574B85 /* Sources */ = {
			isa = PBXSourcesBuildPhase;
			buildActionMask = 2147483647;
			files = (
			);
			runOnlyForDeploymentPostprocessing = 0;
		};
		23E396002FA57AE200574B85 /* Sources */ = {
			isa = PBXSourcesBuildPhase;
			buildActionMask = 2147483647;
			files = (
			);
			runOnlyForDeploymentPostprocessing = 0;
		};
/* End PBXSourcesBuildPhase section */

/* Begin PBXTargetDependency section */
		23E395B02FA5399A00574B85 /* PBXTargetDependency */ = {
			isa = PBXTargetDependency;
			target = 23E395A02FA5399800574B85 /* LaSalle Schedule */;
			targetProxy = 23E395AF2FA5399A00574B85 /* PBXContainerItemProxy */;
		};
		23E395BA2FA5399A00574B85 /* PBXTargetDependency */ = {
			isa = PBXTargetDependency;
			target = 23E395A02FA5399800574B85 /* LaSalle Schedule */;
			targetProxy = 23E395B92FA5399A00574B85 /* PBXContainerItemProxy */;
		};
		23E396192FA57AE500574B85 /* PBXTargetDependency */ = {
			isa = PBXTargetDependency;
			target = 23E396032FA57AE200574B85 /* LaSalle WidgetsExtension */;
			targetProxy = 23E396182FA57AE500574B85 /* PBXContainerItemProxy */;
		};
/* End PBXTargetDependency section */

/* Begin XCBuildConfiguration section */
		23E395C02FA5399A00574B85 /* Debug */ = {
			isa = XCBuildConfiguration;
			buildSettings = {
				ALWAYS_SEARCH_USER_PATHS = NO;
				ASSETCATALOG_COMPILER_GENERATE_SWIFT_ASSET_SYMBOL_EXTENSIONS = YES;
				CLANG_ANALYZER_NONNULL = YES;
				CLANG_ANALYZER_NUMBER_OBJECT_CONVERSION = YES_AGGRESSIVE;
				CLANG_CXX_LANGUAGE_STANDARD = "gnu++20";
				CLANG_ENABLE_MODULES = YES;
				CLANG_ENABLE_OBJC_ARC = YES;
				CLANG_ENABLE_OBJC_WEAK = YES;
				CLANG_WARN_BLOCK_CAPTURE_AUTORELEASING = YES;
				CLANG_WARN_BOOL_CONVERSION = YES;
				CLANG_WARN_COMMA = YES;
				CLANG_WARN_CONSTANT_CONVERSION = YES;
				CLANG_WARN_DEPRECATED_OBJC_IMPLEMENTATIONS = YES;
				CLANG_WARN_DIRECT_OBJC_ISA_USAGE = YES_ERROR;
				CLANG_WARN_DOCUMENTATION_COMMENTS = YES;
				CLANG_WARN_EMPTY_BODY = YES;
				CLANG_WARN_ENUM_CONVERSION = YES;
				CLANG_WARN_INFINITE_RECURSION = YES;
				CLANG_WARN_INT_CONVERSION = YES;
				CLANG_WARN_NON_LITERAL_NULL_CONVERSION = YES;
				CLANG_WARN_OBJC_IMPLICIT_RETAIN_SELF = YES;
				CLANG_WARN_OBJC_LITERAL_CONVERSION = YES;
				CLANG_WARN_OBJC_ROOT_CLASS = YES_ERROR;
				CLANG_WARN_QUOTED_INCLUDE_IN_FRAMEWORK_HEADER = YES;
				CLANG_WARN_RANGE_LOOP_ANALYSIS = YES;
				CLANG_WARN_STRICT_PROTOTYPES = YES;
				CLANG_WARN_SUSPICIOUS_MOVE = YES;
				CLANG_WARN_UNGUARDED_AVAILABILITY = YES_AGGRESSIVE;
				CLANG_WARN_UNREACHABLE_CODE = YES;
				CLANG_WARN__DUPLICATE_METHOD_MATCH = YES;
				COPY_PHASE_STRIP = NO;
				DEBUG_INFORMATION_FORMAT = dwarf;
				DEVELOPMENT_TEAM = PQW4KRLW78;
				ENABLE_STRICT_OBJC_MSGSEND = YES;
				ENABLE_TESTABILITY = YES;
				ENABLE_USER_SCRIPT_SANDBOXING = YES;
				GCC_C_LANGUAGE_STANDARD = gnu17;
				GCC_DYNAMIC_NO_PIC = NO;
				GCC_NO_COMMON_BLOCKS = YES;
				GCC_OPTIMIZATION_LEVEL = 0;
				GCC_PREPROCESSOR_DEFINITIONS = (
					"DEBUG=1",
					"$(inherited)",
				);
				GCC_WARN_64_TO_32_BIT_CONVERSION = YES;
				GCC_WARN_ABOUT_RETURN_TYPE = YES_ERROR;
				GCC_WARN_UNDECLARED_SELECTOR = YES;
				GCC_WARN_UNINITIALIZED_AUTOS = YES_AGGRESSIVE;
				GCC_WARN_UNUSED_FUNCTION = YES;
				GCC_WARN_UNUSED_VARIABLE = YES;
				IPHONEOS_DEPLOYMENT_TARGET = 26.4;
				LOCALIZATION_PREFERS_STRING_CATALOGS = YES;
				MTL_ENABLE_DEBUG_INFO = INCLUDE_SOURCE;
				MTL_FAST_MATH = YES;
				ONLY_ACTIVE_ARCH = YES;
				SDKROOT = iphoneos;
				SWIFT_ACTIVE_COMPILATION_CONDITIONS = "DEBUG $(inherited)";
				SWIFT_OPTIMIZATION_LEVEL = "-Onone";
			};
			name = Debug;
		};
		23E395C12FA5399A00574B85 /* Release */ = {
			isa = XCBuildConfiguration;
			buildSettings = {
				ALWAYS_SEARCH_USER_PATHS = NO;
				ASSETCATALOG_COMPILER_GENERATE_SWIFT_ASSET_SYMBOL_EXTENSIONS = YES;
				CLANG_ANALYZER_NONNULL = YES;
				CLANG_ANALYZER_NUMBER_OBJECT_CONVERSION = YES_AGGRESSIVE;
				CLANG_CXX_LANGUAGE_STANDARD = "gnu++20";
				CLANG_ENABLE_MODULES = YES;
				CLANG_ENABLE_OBJC_ARC = YES;
				CLANG_ENABLE_OBJC_WEAK = YES;
				CLANG_WARN_BLOCK_CAPTURE_AUTORELEASING = YES;
				CLANG_WARN_BOOL_CONVERSION = YES;
				CLANG_WARN_COMMA = YES;
				CLANG_WARN_CONSTANT_CONVERSION = YES;
				CLANG_WARN_DEPRECATED_OBJC_IMPLEMENTATIONS = YES;
				CLANG_WARN_DIRECT_OBJC_ISA_USAGE = YES_ERROR;
				CLANG_WARN_DOCUMENTATION_COMMENTS = YES;
				CLANG_WARN_EMPTY_BODY = YES;
				CLANG_WARN_ENUM_CONVERSION = YES;
				CLANG_WARN_INFINITE_RECURSION = YES;
				CLANG_WARN_INT_CONVERSION = YES;
				CLANG_WARN_NON_LITERAL_NULL_CONVERSION = YES;
				CLANG_WARN_OBJC_IMPLICIT_RETAIN_SELF = YES;
				CLANG_WARN_OBJC_LITERAL_CONVERSION = YES;
				CLANG_WARN_OBJC_ROOT_CLASS = YES_ERROR;
				CLANG_WARN_QUOTED_INCLUDE_IN_FRAMEWORK_HEADER = YES;
				CLANG_WARN_RANGE_LOOP_ANALYSIS = YES;
				CLANG_WARN_STRICT_PROTOTYPES = YES;
				CLANG_WARN_SUSPICIOUS_MOVE = YES;
				CLANG_WARN_UNGUARDED_AVAILABILITY = YES_AGGRESSIVE;
				CLANG_WARN_UNREACHABLE_CODE = YES;
				CLANG_WARN__DUPLICATE_METHOD_MATCH = YES;
				COPY_PHASE_STRIP = NO;
				DEBUG_INFORMATION_FORMAT = "dwarf-with-dsym";
				DEVELOPMENT_TEAM = PQW4KRLW78;
				ENABLE_NS_ASSERTIONS = NO;
				ENABLE_STRICT_OBJC_MSGSEND = YES;
				ENABLE_USER_SCRIPT_SANDBOXING = YES;
				GCC_C_LANGUAGE_STANDARD = gnu17;
				GCC_NO_COMMON_BLOCKS = YES;
				GCC_WARN_64_TO_32_BIT_CONVERSION = YES;
				GCC_WARN_ABOUT_RETURN_TYPE = YES_ERROR;
				GCC_WARN_UNDECLARED_SELECTOR = YES;
				GCC_WARN_UNINITIALIZED_AUTOS = YES_AGGRESSIVE;
				GCC_WARN_UNUSED_FUNCTION = YES;
				GCC_WARN_UNUSED_VARIABLE = YES;
				IPHONEOS_DEPLOYMENT_TARGET = 26.4;
				LOCALIZATION_PREFERS_STRING_CATALOGS = YES;
				MTL_ENABLE_DEBUG_INFO = NO;
				MTL_FAST_MATH = YES;
				SDKROOT = iphoneos;
				SWIFT_COMPILATION_MODE = wholemodule;
				VALIDATE_PRODUCT = YES;
			};
			name = Release;
		};
		23E395C32FA5399A00574B85 /* Debug */ = {
			isa = XCBuildConfiguration;
			buildSettings = {
				ASSETCATALOG_COMPILER_APPICON_NAME = AppIcon;
				ASSETCATALOG_COMPILER_GLOBAL_ACCENT_COLOR_NAME = AccentColor;
				CODE_SIGN_ENTITLEMENTS = "LaSalle Schedule/LaSalle Schedule.entitlements";
				CODE_SIGN_STYLE = Automatic;
				CURRENT_PROJECT_VERSION = 1;
				DEVELOPMENT_TEAM = PQW4KRLW78;
				ENABLE_PREVIEWS = YES;
				GENERATE_INFOPLIST_FILE = YES;
				INFOPLIST_FILE = "LaSalle-Schedule-Info.plist";
				INFOPLIST_KEY_LSApplicationCategoryType = "";
				INFOPLIST_KEY_NSRemindersFullAccessUsageDescription = "";
				INFOPLIST_KEY_UIApplicationSceneManifest_Generation = YES;
				INFOPLIST_KEY_UIApplicationSupportsIndirectInputEvents = YES;
				INFOPLIST_KEY_UILaunchScreen_Generation = YES;
				INFOPLIST_KEY_UISupportedInterfaceOrientations = UIInterfaceOrientationPortrait;
				INFOPLIST_KEY_UISupportedInterfaceOrientations_iPad = "UIInterfaceOrientationLandscapeLeft UIInterfaceOrientationLandscapeRight UIInterfaceOrientationPortrait UIInterfaceOrientationPortraitUpsideDown";
				IPHONEOS_DEPLOYMENT_TARGET = 17.0;
				LD_RUNPATH_SEARCH_PATHS = (
					"$(inherited)",
					"@executable_path/Frameworks",
				);
				MARKETING_VERSION = 1.0;
				PRODUCT_BUNDLE_IDENTIFIER = "wildcat.lasalle.LaSalle-Schedule";
				PRODUCT_NAME = "$(TARGET_NAME)";
				STRING_CATALOG_GENERATE_SYMBOLS = YES;
				SWIFT_APPROACHABLE_CONCURRENCY = YES;
				SWIFT_DEFAULT_ACTOR_ISOLATION = MainActor;
				SWIFT_EMIT_LOC_STRINGS = YES;
				SWIFT_UPCOMING_FEATURE_MEMBER_IMPORT_VISIBILITY = YES;
				SWIFT_VERSION = 5.0;
				TARGETED_DEVICE_FAMILY = "1,2";
			};
			name = Debug;
		};
		23E395C42FA5399A00574B85 /* Release */ = {
			isa = XCBuildConfiguration;
			buildSettings = {
				ASSETCATALOG_COMPILER_APPICON_NAME = AppIcon;
				ASSETCATALOG_COMPILER_GLOBAL_ACCENT_COLOR_NAME = AccentColor;
				CODE_SIGN_ENTITLEMENTS = "LaSalle Schedule/LaSalle Schedule.entitlements";
				CODE_SIGN_STYLE = Automatic;
				CURRENT_PROJECT_VERSION = 1;
				DEVELOPMENT_TEAM = PQW4KRLW78;
				ENABLE_PREVIEWS = YES;
				GENERATE_INFOPLIST_FILE = YES;
				INFOPLIST_FILE = "LaSalle-Schedule-Info.plist";
				INFOPLIST_KEY_LSApplicationCategoryType = "";
				INFOPLIST_KEY_NSRemindersFullAccessUsageDescription = "";
				INFOPLIST_KEY_UIApplicationSceneManifest_Generation = YES;
				INFOPLIST_KEY_UIApplicationSupportsIndirectInputEvents = YES;
				INFOPLIST_KEY_UILaunchScreen_Generation = YES;
				INFOPLIST_KEY_UISupportedInterfaceOrientations = UIInterfaceOrientationPortrait;
				INFOPLIST_KEY_UISupportedInterfaceOrientations_iPad = "UIInterfaceOrientationLandscapeLeft UIInterfaceOrientationLandscapeRight UIInterfaceOrientationPortrait UIInterfaceOrientationPortraitUpsideDown";
				IPHONEOS_DEPLOYMENT_TARGET = 17.0;
				LD_RUNPATH_SEARCH_PATHS = (
					"$(inherited)",
					"@executable_path/Frameworks",
				);
				MARKETING_VERSION = 1.0;
				PRODUCT_BUNDLE_IDENTIFIER = "wildcat.lasalle.LaSalle-Schedule";
				PRODUCT_NAME = "$(TARGET_NAME)";
				STRING_CATALOG_GENERATE_SYMBOLS = YES;
				SWIFT_APPROACHABLE_CONCURRENCY = YES;
				SWIFT_DEFAULT_ACTOR_ISOLATION = MainActor;
				SWIFT_EMIT_LOC_STRINGS = YES;
				SWIFT_UPCOMING_FEATURE_MEMBER_IMPORT_VISIBILITY = YES;
				SWIFT_VERSION = 5.0;
				TARGETED_DEVICE_FAMILY = "1,2";
			};
			name = Release;
		};
		23E395C62FA5399A00574B85 /* Debug */ = {
			isa = XCBuildConfiguration;
			buildSettings = {
				BUNDLE_LOADER = "$(TEST_HOST)";
				CODE_SIGN_STYLE = Automatic;
				CURRENT_PROJECT_VERSION = 1;
				DEVELOPMENT_TEAM = PQW4KRLW78;
				GENERATE_INFOPLIST_FILE = YES;
				IPHONEOS_DEPLOYMENT_TARGET = 26.4;
				MARKETING_VERSION = 1.0;
				PRODUCT_BUNDLE_IDENTIFIER = "wildcat.lasalle.LaSalle-ScheduleTests";
				PRODUCT_NAME = "$(TARGET_NAME)";
				STRING_CATALOG_GENERATE_SYMBOLS = NO;
				SWIFT_APPROACHABLE_CONCURRENCY = YES;
				SWIFT_EMIT_LOC_STRINGS = NO;
				SWIFT_UPCOMING_FEATURE_MEMBER_IMPORT_VISIBILITY = YES;
				SWIFT_VERSION = 5.0;
				TARGETED_DEVICE_FAMILY = "1,2";
				TEST_HOST = "$(BUILT_PRODUCTS_DIR)/LaSalle Schedule.app/$(BUNDLE_EXECUTABLE_FOLDER_PATH)/LaSalle Schedule";
			};
			name = Debug;
		};
		23E395C72FA5399A00574B85 /* Release */ = {
			isa = XCBuildConfiguration;
			buildSettings = {
				BUNDLE_LOADER = "$(TEST_HOST)";
				CODE_SIGN_STYLE = Automatic;
				CURRENT_PROJECT_VERSION = 1;
				DEVELOPMENT_TEAM = PQW4KRLW78;
				GENERATE_INFOPLIST_FILE = YES;
				IPHONEOS_DEPLOYMENT_TARGET = 26.4;
				MARKETING_VERSION = 1.0;
				PRODUCT_BUNDLE_IDENTIFIER = "wildcat.lasalle.LaSalle-ScheduleTests";
				PRODUCT_NAME = "$(TARGET_NAME)";
				STRING_CATALOG_GENERATE_SYMBOLS = NO;
				SWIFT_APPROACHABLE_CONCURRENCY = YES;
				SWIFT_EMIT_LOC_STRINGS = NO;
				SWIFT_UPCOMING_FEATURE_MEMBER_IMPORT_VISIBILITY = YES;
				SWIFT_VERSION = 5.0;
				TARGETED_DEVICE_FAMILY = "1,2";
				TEST_HOST = "$(BUILT_PRODUCTS_DIR)/LaSalle Schedule.app/$(BUNDLE_EXECUTABLE_FOLDER_PATH)/LaSalle Schedule";
			};
			name = Release;
		};
		23E395C92FA5399A00574B85 /* Debug */ = {
			isa = XCBuildConfiguration;
			buildSettings = {
				CODE_SIGN_STYLE = Automatic;
				CURRENT_PROJECT_VERSION = 1;
				DEVELOPMENT_TEAM = PQW4KRLW78;
				GENERATE_INFOPLIST_FILE = YES;
				MARKETING_VERSION = 1.0;
				PRODUCT_BUNDLE_IDENTIFIER = "wildcat.lasalle.LaSalle-ScheduleUITests";
				PRODUCT_NAME = "$(TARGET_NAME)";
				STRING_CATALOG_GENERATE_SYMBOLS = NO;
				SWIFT_APPROACHABLE_CONCURRENCY = YES;
				SWIFT_EMIT_LOC_STRINGS = NO;
				SWIFT_UPCOMING_FEATURE_MEMBER_IMPORT_VISIBILITY = YES;
				SWIFT_VERSION = 5.0;
				TARGETED_DEVICE_FAMILY = "1,2";
				TEST_TARGET_NAME = "LaSalle Schedule";
			};
			name = Debug;
		};
		23E395CA2FA5399A00574B85 /* Release */ = {
			isa = XCBuildConfiguration;
			buildSettings = {
				CODE_SIGN_STYLE = Automatic;
				CURRENT_PROJECT_VERSION = 1;
				DEVELOPMENT_TEAM = PQW4KRLW78;
				GENERATE_INFOPLIST_FILE = YES;
				MARKETING_VERSION = 1.0;
				PRODUCT_BUNDLE_IDENTIFIER = "wildcat.lasalle.LaSalle-ScheduleUITests";
				PRODUCT_NAME = "$(TARGET_NAME)";
				STRING_CATALOG_GENERATE_SYMBOLS = NO;
				SWIFT_APPROACHABLE_CONCURRENCY = YES;
				SWIFT_EMIT_LOC_STRINGS = NO;
				SWIFT_UPCOMING_FEATURE_MEMBER_IMPORT_VISIBILITY = YES;
				SWIFT_VERSION = 5.0;
				TARGETED_DEVICE_FAMILY = "1,2";
				TEST_TARGET_NAME = "LaSalle Schedule";
			};
			name = Release;
		};
		23E3961C2FA57AE500574B85 /* Debug */ = {
			isa = XCBuildConfiguration;
			buildSettings = {
				ASSETCATALOG_COMPILER_GLOBAL_ACCENT_COLOR_NAME = AccentColor;
				ASSETCATALOG_COMPILER_WIDGET_BACKGROUND_COLOR_NAME = WidgetBackground;
				CODE_SIGN_ENTITLEMENTS = "LaSalle WidgetsExtension.entitlements";
				CODE_SIGN_STYLE = Automatic;
				CURRENT_PROJECT_VERSION = 1;
				DEVELOPMENT_TEAM = PQW4KRLW78;
				GENERATE_INFOPLIST_FILE = YES;
				INFOPLIST_FILE = "LaSalle Widgets/Info.plist";
				INFOPLIST_KEY_CFBundleDisplayName = "LaSalle Widgets";
				INFOPLIST_KEY_NSHumanReadableCopyright = "";
				LD_RUNPATH_SEARCH_PATHS = (
					"$(inherited)",
					"@executable_path/Frameworks",
					"@executable_path/../../Frameworks",
				);
				MARKETING_VERSION = 1.0;
				PRODUCT_BUNDLE_IDENTIFIER = "wildcat.lasalle.LaSalle-Schedule.LaSalle-Widgets";
				PRODUCT_NAME = "$(TARGET_NAME)";
				SKIP_INSTALL = YES;
				STRING_CATALOG_GENERATE_SYMBOLS = YES;
				SWIFT_APPROACHABLE_CONCURRENCY = YES;
				SWIFT_EMIT_LOC_STRINGS = YES;
				SWIFT_UPCOMING_FEATURE_MEMBER_IMPORT_VISIBILITY = YES;
				SWIFT_VERSION = 5.0;
				TARGETED_DEVICE_FAMILY = "1,2";
			};
			name = Debug;
		};
		23E3961D2FA57AE500574B85 /* Release */ = {
			isa = XCBuildConfiguration;
			buildSettings = {
				ASSETCATALOG_COMPILER_GLOBAL_ACCENT_COLOR_NAME = AccentColor;
				ASSETCATALOG_COMPILER_WIDGET_BACKGROUND_COLOR_NAME = WidgetBackground;
				CODE_SIGN_ENTITLEMENTS = "LaSalle WidgetsExtension.entitlements";
				CODE_SIGN_STYLE = Automatic;
				CURRENT_PROJECT_VERSION = 1;
				DEVELOPMENT_TEAM = PQW4KRLW78;
				GENERATE_INFOPLIST_FILE = YES;
				INFOPLIST_FILE = "LaSalle Widgets/Info.plist";
				INFOPLIST_KEY_CFBundleDisplayName = "LaSalle Widgets";
				INFOPLIST_KEY_NSHumanReadableCopyright = "";
				LD_RUNPATH_SEARCH_PATHS = (
					"$(inherited)",
					"@executable_path/Frameworks",
					"@executable_path/../../Frameworks",
				);
				MARKETING_VERSION = 1.0;
				PRODUCT_BUNDLE_IDENTIFIER = "wildcat.lasalle.LaSalle-Schedule.LaSalle-Widgets";
				PRODUCT_NAME = "$(TARGET_NAME)";
				SKIP_INSTALL = YES;
				STRING_CATALOG_GENERATE_SYMBOLS = YES;
				SWIFT_APPROACHABLE_CONCURRENCY = YES;
				SWIFT_EMIT_LOC_STRINGS = YES;
				SWIFT_UPCOMING_FEATURE_MEMBER_IMPORT_VISIBILITY = YES;
				SWIFT_VERSION = 5.0;
				TARGETED_DEVICE_FAMILY = "1,2";
			};
			name = Release;
		};
/* End XCBuildConfiguration section */

/* Begin XCConfigurationList section */
		23E3959C2FA5399800574B85 /* Build configuration list for PBXProject "LaSalle Schedule" */ = {
			isa = XCConfigurationList;
			buildConfigurations = (
				23E395C02FA5399A00574B85 /* Debug */,
				23E395C12FA5399A00574B85 /* Release */,
			);
			defaultConfigurationIsVisible = 0;
			defaultConfigurationName = Release;
		};
		23E395C22FA5399A00574B85 /* Build configuration list for PBXNativeTarget "LaSalle Schedule" */ = {
			isa = XCConfigurationList;
			buildConfigurations = (
				23E395C32FA5399A00574B85 /* Debug */,
				23E395C42FA5399A00574B85 /* Release */,
			);
			defaultConfigurationIsVisible = 0;
			defaultConfigurationName = Release;
		};
		23E395C52FA5399A00574B85 /* Build configuration list for PBXNativeTarget "LaSalle ScheduleTests" */ = {
			isa = XCConfigurationList;
			buildConfigurations = (
				23E395C62FA5399A00574B85 /* Debug */,
				23E395C72FA5399A00574B85 /* Release */,
			);
			defaultConfigurationIsVisible = 0;
			defaultConfigurationName = Release;
		};
		23E395C82FA5399A00574B85 /* Build configuration list for PBXNativeTarget "LaSalle ScheduleUITests" */ = {
			isa = XCConfigurationList;
			buildConfigurations = (
				23E395C92FA5399A00574B85 /* Debug */,
				23E395CA2FA5399A00574B85 /* Release */,
			);
			defaultConfigurationIsVisible = 0;
			defaultConfigurationName = Release;
		};
		23E3961F2FA57AE500574B85 /* Build configuration list for PBXNativeTarget "LaSalle WidgetsExtension" */ = {
			isa = XCConfigurationList;
			buildConfigurations = (
				23E3961C2FA57AE500574B85 /* Debug */,
				23E3961D2FA57AE500574B85 /* Release */,
			);
			defaultConfigurationIsVisible = 0;
			defaultConfigurationName = Release;
		};
/* End XCConfigurationList section */

/* Begin XCRemoteSwiftPackageReference section */
		23E395CB2FA53A6D00574B85 /* XCRemoteSwiftPackageReference "SwiftSoup" */ = {
			isa = XCRemoteSwiftPackageReference;
			repositoryURL = "https://github.com/scinfu/SwiftSoup";
			requirement = {
				kind = upToNextMajorVersion;
				minimumVersion = 2.13.4;
			};
		};
/* End XCRemoteSwiftPackageReference section */

/* Begin XCSwiftPackageProductDependency section */
		23E395CC2FA53A6D00574B85 /* SwiftSoup */ = {
			isa = XCSwiftPackageProductDependency;
			package = 23E395CB2FA53A6D00574B85 /* XCRemoteSwiftPackageReference "SwiftSoup" */;
			productName = SwiftSoup;
		};
/* End XCSwiftPackageProductDependency section */
	};
	rootObject = 23E395992FA5399800574B85 /* Project object */;
}
